{
  "name": "youth-fds-detection",
  "version": "1.0.0",
  "lockfileVersion": 3,
  "requires": true,
  "packages": {
    "": {
      "name": "youth-fds-detection",
      "version": "1.0.0",
      "license": "ISC",
      "dependencies": {
        "isolation-forest": "^0.0.9"
      }
    },
    "node_modules/isolation-forest": {
      "version": "0.0.9",
      "resolved": "https://registry.npmjs.org/isolation-forest/-/isolation-forest-0.0.9.tgz",
      "integrity": "sha512-5rxlHv1ZfZdYcmj0D9r/LKNT8aEDojXJOfA7lu8ymw8p/bA46HPkNRz+uaenQLt1HIYf975rkoY9myoCnMvOXQ==",
      "license": "MIT",
      "dependencies": {
        "knuth-shuffle": "^1.0.8"
      }
    },
    "node_modules/knuth-shuffle": {
      "version": "1.0.8",
      "resolved": "https://registry.npmjs.org/knuth-shuffle/-/knuth-shuffle-1.0.8.tgz",
      "integrity": "sha512-IdC4Hpp+mx53zTt6VAGsAtbGM0g4BV9fP8tTcviCosSwocHcRDw9uG5Rnv6wLWckF4r72qeXFoK9NkvV1gUJCQ==",
      "license": "(MIT OR Apache-2.0)"
    }
  }
}
